apiVersion: vendir.k14s.io/v1alpha1
directories:
- contents:
  - git:
      commitTitle: Release controller v1.14.1 & chart v4.14.1. (#14247)
      sha: e832d044efc57ccae15e93ea26a169f64238bf6b
      tags:
      - controller-v1.14.1
    path: ingress-nginx
  path: vendor
- contents:
  - directory: {}
    path: .
  path: helm/ingress-nginx
kind: LockConfig
